
Microsoft Visual Studio Solution File, Format Version 12.00
# Visual Studio 15
VisualStudioVersion = 15.0.27703.2035
MinimumVisualStudioVersion = 10.0.40219.1
Project("{FAE04EC0-301F-11D3-BF4B-00C04F79EFBC}") = "CG 6-2", "CG 6-2\CG 6-2.csproj", "{C7F6C658-5330-462E-A3CF-36F1C024F908}"
EndProject
Global
	GlobalSection(SolutionConfigurationPlatforms) = preSolution
		Debug|Any CPU = Debug|Any CPU
		Release|Any CPU = Release|Any CPU
	EndGlobalSection
	GlobalSection(ProjectConfigurationPlatforms) = postSolution
		{C7F6C658-5330-462E-A3CF-36F1C024F908}.Debug|Any CPU.ActiveCfg = Debug|Any CPU
		{C7F6C658-5330-462E-A3CF-36F1C024F908}.Debug|Any CPU.Build.0 = Debug|Any CPU
		{C7F6C658-5330-462E-A3CF-36F1C024F908}.Release|Any CPU.ActiveCfg = Release|Any CPU
		{C7F6C658-5330-462E-A3CF-36F1C024F908}.Release|Any CPU.Build.0 = Release|Any CPU
	EndGlobalSection
	GlobalSection(SolutionProperties) = preSolution
		HideSolutionNode = FALSE
	EndGlobalSection
	GlobalSection(ExtensibilityGlobals) = postSolution
		SolutionGuid = {1A742B56-53B1-4070-B6B5-C31E061BB942}
	EndGlobalSection
EndGlobal
